// !$*UTF8*$!
{
	archiveVersion = 1;
	classes = {
	};
	objectVersion = 51;
	objects = {

/* Begin PBXBuildFile section */
		0EC1F8F3CF8EF8D911CE78BE /* Pods_RecipeAssignment.framework in Frameworks */ = {isa = PBXBuildFile; fileRef = 5E6BFDB32CE19DE52C857B0E /* Pods_RecipeAssignment.framework */; };
		700975C323E5E7FE00424CDD /* ImageButton.swift in Sources */ = {isa = PBXBuildFile; fileRef = 700975C223E5E7FE00424CDD /* ImageButton.swift */; };
		700975C523E5E84600424CDD /* PlaceholderTextView.swift in Sources */ = {isa = PBXBuildFile; fileRef = 700975C423E5E84600424CDD /* PlaceholderTextView.swift */; };
		700975C823E5E8AE00424CDD /* UITextView+Extension.swift in Sources */ = {isa = PBXBuildFile; fileRef = 700975C723E5E8AE00424CDD /* UITextView+Extension.swift */; };
		700975CA23E5EB0000424CDD /* ImagePickerHelper.swift in Sources */ = {isa = PBXBuildFile; fileRef = 700975C923E5EB0000424CDD /* ImagePickerHelper.swift */; };
		700975CC23E5F10600424CDD /* UIViewController+Extension.swift in Sources */ = {isa = PBXBuildFile; fileRef = 700975CB23E5F10600424CDD /* UIViewController+Extension.swift */; };
		700975CE23E60BCA00424CDD /* UIView+Extension.swift in Sources */ = {isa = PBXBuildFile; fileRef = 700975CD23E60BCA00424CDD /* UIView+Extension.swift */; };
		700975D023E61B2E00424CDD /* FileUtility.swift in Sources */ = {isa = PBXBuildFile; fileRef = 700975CF23E61B2E00424CDD /* FileUtility.swift */; };
		7037E4CA23E5AD3200AE9A3B /* Constants.swift in Sources */ = {isa = PBXBuildFile; fileRef = 7037E4C923E5AD3200AE9A3B /* Constants.swift */; };
		70B3979023E6C51E005B29FD /* RealmUtil.swift in Sources */ = {isa = PBXBuildFile; fileRef = 70B3978F23E6C51E005B29FD /* RealmUtil.swift */; };
		70CFA4A623E59117001138BB /* RecipeDataLayer.swift in Sources */ = {isa = PBXBuildFile; fileRef = 70CFA4A523E59117001138BB /* RecipeDataLayer.swift */; };
		70CFA4A923E5A60C001138BB /* AddRecipeVC.swift in Sources */ = {isa = PBXBuildFile; fileRef = 70CFA4A823E5A60C001138BB /* AddRecipeVC.swift */; };
		70EF792A23E49AF800F5974A /* AppDelegate.swift in Sources */ = {isa = PBXBuildFile; fileRef = 70EF792923E49AF800F5974A /* AppDelegate.swift */; };
		70EF792C23E49AF800F5974A /* SceneDelegate.swift in Sources */ = {isa = PBXBuildFile; fileRef = 70EF792B23E49AF800F5974A /* SceneDelegate.swift */; };
		70EF792E23E49AF800F5974A /* ViewController.swift in Sources */ = {isa = PBXBuildFile; fileRef = 70EF792D23E49AF800F5974A /* ViewController.swift */; };
		70EF793123E49AF800F5974A /* Main.storyboard in Resources */ = {isa = PBXBuildFile; fileRef = 70EF792F23E49AF800F5974A /* Main.storyboard */; };
		70EF793323E49AFD00F5974A /* Assets.xcassets in Resources */ = {isa = PBXBuildFile; fileRef = 70EF793223E49AFD00F5974A /* Assets.xcassets */; };
		70EF793623E49AFD00F5974A /* LaunchScreen.storyboard in Resources */ = {isa = PBXBuildFile; fileRef = 70EF793423E49AFD00F5974A /* LaunchScreen.storyboard */; };
		70EF793F23E49B9600F5974A /* RecipeTypes.xml in Resources */ = {isa = PBXBuildFile; fileRef = 70EF793E23E49B9600F5974A /* RecipeTypes.xml */; };
		70EF794223E49C2600F5974A /* RecipeTypes.swift in Sources */ = {isa = PBXBuildFile; fileRef = 70EF794123E49C2600F5974A /* RecipeTypes.swift */; };
		70EF794523E49C7900F5974A /* ParseUtil.swift in Sources */ = {isa = PBXBuildFile; fileRef = 70EF794423E49C7900F5974A /* ParseUtil.swift */; };
		70EF794723E4AC6B00F5974A /* Recipe.swift in Sources */ = {isa = PBXBuildFile; fileRef = 70EF794623E4AC6B00F5974A /* Recipe.swift */; };
/* End PBXBuildFile section */

/* Begin PBXFileReference section */
		544704645F5888C20D811F8D /* Pods-RecipeAssignment.release.xcconfig */ = {isa = PBXFileReference; includeInIndex = 1; lastKnownFileType = text.xcconfig; name = "Pods-RecipeAssignment.release.xcconfig"; path = "Target Support Files/Pods-RecipeAssignment/Pods-RecipeAssignment.release.xcconfig"; sourceTree = "<group>"; };
		5E6BFDB32CE19DE52C857B0E /* Pods_RecipeAssignment.framework */ = {isa = PBXFileReference; explicitFileType = wrapper.framework; includeInIndex = 0; path = Pods_RecipeAssignment.framework; sourceTree = BUILT_PRODUCTS_DIR; };
		700975C223E5E7FE00424CDD /* ImageButton.swift */ = {isa = PBXFileReference; lastKnownFileType = sourcecode.swift; path = ImageButton.swift; sourceTree = "<group>"; };
		700975C423E5E84600424CDD /* PlaceholderTextView.swift */ = {isa = PBXFileReference; lastKnownFileType = sourcecode.swift; path = PlaceholderTextView.swift; sourceTree = "<group>"; };
		700975C723E5E8AE00424CDD /* UITextView+Extension.swift */ = {isa = PBXFileReference; lastKnownFileType = sourcecode.swift; path = "UITextView+Extension.swift"; sourceTree = "<group>"; };
		700975C923E5EB0000424CDD /* ImagePickerHelper.swift */ = {isa = PBXFileReference; lastKnownFileType = sourcecode.swift; path = ImagePickerHelper.swift; sourceTree = "<group>"; };
		700975CB23E5F10600424CDD /* UIViewController+Extension.swift */ = {isa = PBXFileReference; lastKnownFileType = sourcecode.swift; path = "UIViewController+Extension.swift"; sourceTree = "<group>"; };
		700975CD23E60BCA00424CDD /* UIView+Extension.swift */ = {isa = PBXFileReference; lastKnownFileType = sourcecode.swift; path = "UIView+Extension.swift"; sourceTree = "<group>"; };
		700975CF23E61B2E00424CDD /* FileUtility.swift */ = {isa = PBXFileReference; lastKnownFileType = sourcecode.swift; path = FileUtility.swift; sourceTree = "<group>"; };
		7037E4C923E5AD3200AE9A3B /* Constants.swift */ = {isa = PBXFileReference; lastKnownFileType = sourcecode.swift; path = Constants.swift; sourceTree = "<group>"; };
		70B3978F23E6C51E005B29FD /* RealmUtil.swift */ = {isa = PBXFileReference; fileEncoding = 4; lastKnownFileType = sourcecode.swift; path = RealmUtil.swift; sourceTree = "<group>"; };
		70CFA4A523E59117001138BB /* RecipeDataLayer.swift */ = {isa = PBXFileReference; lastKnownFileType = sourcecode.swift; path = RecipeDataLayer.swift; sourceTree = "<group>"; };
		70CFA4A823E5A60C001138BB /* AddRecipeVC.swift */ = {isa = PBXFileReference; lastKnownFileType = sourcecode.swift; path = AddRecipeVC.swift; sourceTree = "<group>"; };
		70EF792623E49AF800F5974A /* RecipeAssignment.app */ = {isa = PBXFileReference; explicitFileType = wrapper.application; includeInIndex = 0; path = RecipeAssignment.app; sourceTree = BUILT_PRODUCTS_DIR; };
		70EF792923E49AF800F5974A /* AppDelegate.swift */ = {isa = PBXFileReference; lastKnownFileType = sourcecode.swift; path = AppDelegate.swift; sourceTree = "<group>"; };
		70EF792B23E49AF800F5974A /* SceneDelegate.swift */ = {isa = PBXFileReference; lastKnownFileType = sourcecode.swift; path = SceneDelegate.swift; sourceTree = "<group>"; };
		70EF792D23E49AF800F5974A /* ViewController.swift */ = {isa = PBXFileReference; lastKnownFileType = sourcecode.swift; path = ViewController.swift; sourceTree = "<group>"; };
		70EF793023E49AF800F5974A /* Base */ = {isa = PBXFileReference; lastKnownFileType = file.storyboard; name = Base; path = Base.lproj/Main.storyboard; sourceTree = "<group>"; };
		70EF793223E49AFD00F5974A /* Assets.xcassets */ = {isa = PBXFileReference; lastKnownFileType = folder.assetcatalog; path = Assets.xcassets; sourceTree = "<group>"; };
		70EF793523E49AFD00F5974A /* Base */ = {isa = PBXFileReference; lastKnownFileType = file.storyboard; name = Base; path = Base.lproj/LaunchScreen.storyboard; sourceTree = "<group>"; };
		70EF793723E49AFD00F5974A /* Info.plist */ = {isa = PBXFileReference; lastKnownFileType = text.plist.xml; path = Info.plist; sourceTree = "<group>"; };
		70EF793E23E49B9600F5974A /* RecipeTypes.xml */ = {isa = PBXFileReference; lastKnownFileType = text.xml; path = RecipeTypes.xml; sourceTree = "<group>"; };
		70EF794123E49C2600F5974A /* RecipeTypes.swift */ = {isa = PBXFileReference; lastKnownFileType = sourcecode.swift; path = RecipeTypes.swift; sourceTree = "<group>"; };
		70EF794423E49C7900F5974A /* ParseUtil.swift */ = {isa = PBXFileReference; lastKnownFileType = sourcecode.swift; path = ParseUtil.swift; sourceTree = "<group>"; };
		70EF794623E4AC6B00F5974A /* Recipe.swift */ = {isa = PBXFileReference; lastKnownFileType = sourcecode.swift; path = Recipe.swift; sourceTree = "<group>"; };
		7A93AD118873A9CAE8ABC7F9 /* Pods-RecipeAssignment.debug.xcconfig */ = {isa = PBXFileReference; includeInIndex = 1; lastKnownFileType = text.xcconfig; name = "Pods-RecipeAssignment.debug.xcconfig"; path = "Target Support Files/Pods-RecipeAssignment/Pods-RecipeAssignment.debug.xcconfig"; sourceTree = "<group>"; };
/* End PBXFileReference section */

/* Begin PBXFrameworksBuildPhase section */
		70EF792323E49AF800F5974A /* Frameworks */ = {
			isa = PBXFrameworksBuildPhase;
			buildActionMask = 2147483647;
			files = (
				0EC1F8F3CF8EF8D911CE78BE /* Pods_RecipeAssignment.framework in Frameworks */,
			);
			runOnlyForDeploymentPostprocessing = 0;
		};
/* End PBXFrameworksBuildPhase section */

/* Begin PBXGroup section */
		37C39C312D73E5375324A404 /* Pods */ = {
			isa = PBXGroup;
			children = (
				7A93AD118873A9CAE8ABC7F9 /* Pods-RecipeAssignment.debug.xcconfig */,
				544704645F5888C20D811F8D /* Pods-RecipeAssignment.release.xcconfig */,
			);
			path = Pods;
			sourceTree = "<group>";
		};
		700975C023E5E76E00424CDD /* CustomViews */ = {
			isa = PBXGroup;
			children = (
				700975C123E5E7EA00424CDD /* CustomComponent */,
			);
			path = CustomViews;
			sourceTree = "<group>";
		};
		700975C123E5E7EA00424CDD /* CustomComponent */ = {
			isa = PBXGroup;
			children = (
				700975C223E5E7FE00424CDD /* ImageButton.swift */,
				700975C423E5E84600424CDD /* PlaceholderTextView.swift */,
			);
			path = CustomComponent;
			sourceTree = "<group>";
		};
		700975C623E5E88800424CDD /* Extensions */ = {
			isa = PBXGroup;
			children = (
				700975C723E5E8AE00424CDD /* UITextView+Extension.swift */,
				700975CB23E5F10600424CDD /* UIViewController+Extension.swift */,
				700975CD23E60BCA00424CDD /* UIView+Extension.swift */,
			);
			path = Extensions;
			sourceTree = "<group>";
		};
		7037E4C823E5AD2100AE9A3B /* Constants */ = {
			isa = PBXGroup;
			children = (
				7037E4C923E5AD3200AE9A3B /* Constants.swift */,
			);
			path = Constants;
			sourceTree = "<group>";
		};
		70CFA4A423E590F9001138BB /* DataLayer */ = {
			isa = PBXGroup;
			children = (
				70CFA4A523E59117001138BB /* RecipeDataLayer.swift */,
			);
			path = DataLayer;
			sourceTree = "<group>";
		};
		70CFA4A723E5A5F5001138BB /* ViewController */ = {
			isa = PBXGroup;
			children = (
				70EF792D23E49AF800F5974A /* ViewController.swift */,
				70CFA4A823E5A60C001138BB /* AddRecipeVC.swift */,
			);
			path = ViewController;
			sourceTree = "<group>";
		};
		70EF791D23E49AF800F5974A = {
			isa = PBXGroup;
			children = (
				70EF792823E49AF800F5974A /* RecipeAssignment */,
				70EF792723E49AF800F5974A /* Products */,
				37C39C312D73E5375324A404 /* Pods */,
				B8760570DCE5BCA43F31036E /* Frameworks */,
			);
			sourceTree = "<group>";
		};
		70EF792723E49AF800F5974A /* Products */ = {
			isa = PBXGroup;
			children = (
				70EF792623E49AF800F5974A /* RecipeAssignment.app */,
			);
			name = Products;
			sourceTree = "<group>";
		};
		70EF792823E49AF800F5974A /* RecipeAssignment */ = {
			isa = PBXGroup;
			children = (
				700975C623E5E88800424CDD /* Extensions */,
				700975C023E5E76E00424CDD /* CustomViews */,
				7037E4C823E5AD2100AE9A3B /* Constants */,
				70CFA4A723E5A5F5001138BB /* ViewController */,
				70CFA4A423E590F9001138BB /* DataLayer */,
				70EF794323E49C5C00F5974A /* Utilities */,
				70EF794023E49C0A00F5974A /* Models */,
				70EF793D23E49B7600F5974A /* XML */,
				70EF792923E49AF800F5974A /* AppDelegate.swift */,
				70EF792B23E49AF800F5974A /* SceneDelegate.swift */,
				70EF792F23E49AF800F5974A /* Main.storyboard */,
				70EF793223E49AFD00F5974A /* Assets.xcassets */,
				70EF793423E49AFD00F5974A /* LaunchScreen.storyboard */,
				70EF793723E49AFD00F5974A /* Info.plist */,
			);
			path = RecipeAssignment;
			sourceTree = "<group>";
		};
		70EF793D23E49B7600F5974A /* XML */ = {
			isa = PBXGroup;
			children = (
				70EF793E23E49B9600F5974A /* RecipeTypes.xml */,
			);
			path = XML;
			sourceTree = "<group>";
		};
		70EF794023E49C0A00F5974A /* Models */ = {
			isa = PBXGroup;
			children = (
				70EF794123E49C2600F5974A /* RecipeTypes.swift */,
				70EF794623E4AC6B00F5974A /* Recipe.swift */,
			);
			path = Models;
			sourceTree = "<group>";
		};
		70EF794323E49C5C00F5974A /* Utilities */ = {
			isa = PBXGroup;
			children = (
				70B3978F23E6C51E005B29FD /* RealmUtil.swift */,
				70EF794423E49C7900F5974A /* ParseUtil.swift */,
				700975C923E5EB0000424CDD /* ImagePickerHelper.swift */,
				700975CF23E61B2E00424CDD /* FileUtility.swift */,
			);
			path = Utilities;
			sourceTree = "<group>";
		};
		B8760570DCE5BCA43F31036E /* Frameworks */ = {
			isa = PBXGroup;
			children = (
				5E6BFDB32CE19DE52C857B0E /* Pods_RecipeAssignment.framework */,
			);
			name = Frameworks;
			sourceTree = "<group>";
		};
/* End PBXGroup section */

/* Begin PBXNativeTarget section */
		70EF792523E49AF800F5974A /* RecipeAssignment */ = {
			isa = PBXNativeTarget;
			buildConfigurationList = 70EF793A23E49AFD00F5974A /* Build configuration list for PBXNativeTarget "RecipeAssignment" */;
			buildPhases = (
				63B15871861C671FFF3BAFEF /* [CP] Check Pods Manifest.lock */,
				70EF792223E49AF800F5974A /* Sources */,
				70EF792323E49AF800F5974A /* Frameworks */,
				70EF792423E49AF800F5974A /* Resources */,
				929BB95A5527D2F05A0BCB9A /* [CP] Embed Pods Frameworks */,
			);
			buildRules = (
			);
			dependencies = (
			);
			name = RecipeAssignment;
			productName = RecipeAssignment;
			productReference = 70EF792623E49AF800F5974A /* RecipeAssignment.app */;
			productType = "com.apple.product-type.application";
		};
/* End PBXNativeTarget section */

/* Begin PBXProject section */
		70EF791E23E49AF800F5974A /* Project object */ = {
			isa = PBXProject;
			attributes = {
				LastSwiftUpdateCheck = 1130;
				LastUpgradeCheck = 1130;
				ORGANIZATIONNAME = "Black Dragon";
				TargetAttributes = {
					70EF792523E49AF800F5974A = {
						CreatedOnToolsVersion = 11.3.1;
					};
				};
			};
			buildConfigurationList = 70EF792123E49AF800F5974A /* Build configuration list for PBXProject "RecipeAssignment" */;
			compatibilityVersion = "Xcode 9.3";
			developmentRegion = en;
			hasScannedForEncodings = 0;
			knownRegions = (
				en,
				Base,
			);
			mainGroup = 70EF791D23E49AF800F5974A;
			productRefGroup = 70EF792723E49AF800F5974A /* Products */;
			projectDirPath = "";
			projectRoot = "";
			targets = (
				70EF792523E49AF800F5974A /* RecipeAssignment */,
			);
		};
/* End PBXProject section */

/* Begin PBXResourcesBuildPhase section */
		70EF792423E49AF800F5974A /* Resources */ = {
			isa = PBXResourcesBuildPhase;
			buildActionMask = 2147483647;
			files = (
				70EF793623E49AFD00F5974A /* LaunchScreen.storyboard in Resources */,
				70EF793323E49AFD00F5974A /* Assets.xcassets in Resources */,
				70EF793123E49AF800F5974A /* Main.storyboard in Resources */,
				70EF793F23E49B9600F5974A /* RecipeTypes.xml in Resources */,
			);
			runOnlyForDeploymentPostprocessing = 0;
		};
/* End PBXResourcesBuildPhase section */

/* Begin PBXShellScriptBuildPhase section */
		63B15871861C671FFF3BAFEF /* [CP] Check Pods Manifest.lock */ = {
			isa = PBXShellScriptBuildPhase;
			buildActionMask = 2147483647;
			files = (
			);
			inputFileListPaths = (
			);
			inputPaths = (
				"${PODS_PODFILE_DIR_PATH}/Podfile.lock",
				"${PODS_ROOT}/Manifest.lock",
			);
			name = "[CP] Check Pods Manifest.lock";
			outputFileListPaths = (
			);
			outputPaths = (
				"$(DERIVED_FILE_DIR)/Pods-RecipeAssignment-checkManifestLockResult.txt",
			);
			runOnlyForDeploymentPostprocessing = 0;
			shellPath = /bin/sh;
			shellScript = "diff \"${PODS_PODFILE_DIR_PATH}/Podfile.lock\" \"${PODS_ROOT}/Manifest.lock\" > /dev/null\nif [ $? != 0 ] ; then\n    # print error to STDERR\n    echo \"error: The sandbox is not in sync with the Podfile.lock. Run 'pod install' or update your CocoaPods installation.\" >&2\n    exit 1\nfi\n# This output is used by Xcode 'outputs' to avoid re-running this script phase.\necho \"SUCCESS\" > \"${SCRIPT_OUTPUT_FILE_0}\"\n";
			showEnvVarsInLog = 0;
		};
		929BB95A5527D2F05A0BCB9A /* [CP] Embed Pods Frameworks */ = {
			isa = PBXShellScriptBuildPhase;
			buildActionMask = 2147483647;
			files = (
			);
			inputFileListPaths = (
				"${PODS_ROOT}/Target Support Files/Pods-RecipeAssignment/Pods-RecipeAssignment-frameworks-${CONFIGURATION}-input-files.xcfilelist",
			);
			name = "[CP] Embed Pods Frameworks";
			outputFileListPaths = (
				"${PODS_ROOT}/Target Support Files/Pods-RecipeAssignment/Pods-RecipeAssignment-frameworks-${CONFIGURATION}-output-files.xcfilelist",
			);
			runOnlyForDeploymentPostprocessing = 0;
			shellPath = /bin/sh;
			shellScript = "\"${PODS_ROOT}/Target Support Files/Pods-RecipeAssignment/Pods-RecipeAssignment-frameworks.sh\"\n";
			showEnvVarsInLog = 0;
		};
/* End PBXShellScriptBuildPhase section */

/* Begin PBXSourcesBuildPhase section */
		70EF792223E49AF800F5974A /* Sources */ = {
			isa = PBXSourcesBuildPhase;
			buildActionMask = 2147483647;
			files = (
				70EF792E23E49AF800F5974A /* ViewController.swift in Sources */,
				70EF794223E49C2600F5974A /* RecipeTypes.swift in Sources */,
				70CFA4A623E59117001138BB /* RecipeDataLayer.swift in Sources */,
				700975CE23E60BCA00424CDD /* UIView+Extension.swift in Sources */,
				70EF792A23E49AF800F5974A /* AppDelegate.swift in Sources */,
				700975D023E61B2E00424CDD /* FileUtility.swift in Sources */,
				700975CC23E5F10600424CDD /* UIViewController+Extension.swift in Sources */,
				70EF794723E4AC6B00F5974A /* Recipe.swift in Sources */,
				700975CA23E5EB0000424CDD /* ImagePickerHelper.swift in Sources */,
				70EF794523E49C7900F5974A /* ParseUtil.swift in Sources */,
				70CFA4A923E5A60C001138BB /* AddRecipeVC.swift in Sources */,
				700975C823E5E8AE00424CDD /* UITextView+Extension.swift in Sources */,
				700975C323E5E7FE00424CDD /* ImageButton.swift in Sources */,
				70EF792C23E49AF800F5974A /* SceneDelegate.swift in Sources */,
				700975C523E5E84600424CDD /* PlaceholderTextView.swift in Sources */,
				7037E4CA23E5AD3200AE9A3B /* Constants.swift in Sources */,
				70B3979023E6C51E005B29FD /* RealmUtil.swift in Sources */,
			);
			runOnlyForDeploymentPostprocessing = 0;
		};
/* End PBXSourcesBuildPhase section */

/* Begin PBXVariantGroup section */
		70EF792F23E49AF800F5974A /* Main.storyboard */ = {
			isa = PBXVariantGroup;
			children = (
				70EF793023E49AF800F5974A /* Base */,
			);
			name = Main.storyboard;
			sourceTree = "<group>";
		};
		70EF793423E49AFD00F5974A /* LaunchScreen.storyboard */ = {
			isa = PBXVariantGroup;
			children = (
				70EF793523E49AFD00F5974A /* Base */,
			);
			name = LaunchScreen.storyboard;
			sourceTree = "<group>";
		};
/* End PBXVariantGroup section */

/* Begin XCBuildConfiguration section */
		70EF793823E49AFD00F5974A /* Debug */ = {
			isa = XCBuildConfiguration;
			buildSettings = {
				ALWAYS_SEARCH_USER_PATHS = NO;
				CLANG_ANALYZER_NONNULL = YES;
				CLANG_ANALYZER_NUMBER_OBJECT_CONVERSION = YES_AGGRESSIVE;
				CLANG_CXX_LANGUAGE_STANDARD = "gnu++14";
				CLANG_CXX_LIBRARY = "libc++";
				CLANG_ENABLE_MODULES = YES;
				CLANG_ENABLE_OBJC_ARC = YES;
				CLANG_ENABLE_OBJC_WEAK = YES;
				CLANG_WARN_BLOCK_CAPTURE_AUTORELEASING = YES;
				CLANG_WARN_BOOL_CONVERSION = YES;
				CLANG_WARN_COMMA = YES;
				CLANG_WARN_CONSTANT_CONVERSION = YES;
				CLANG_WARN_DEPRECATED_OBJC_IMPLEMENTATIONS = YES;
				CLANG_WARN_DIRECT_OBJC_ISA_USAGE = YES_ERROR;
				CLANG_WARN_DOCUMENTATION_COMMENTS = YES;
				CLANG_WARN_EMPTY_BODY = YES;
				CLANG_WARN_ENUM_CONVERSION = YES;
				CLANG_WARN_INFINITE_RECURSION = YES;
				CLANG_WARN_INT_CONVERSION = YES;
				CLANG_WARN_NON_LITERAL_NULL_CONVERSION = YES;
				CLANG_WARN_OBJC_IMPLICIT_RETAIN_SELF = YES;
				CLANG_WARN_OBJC_LITERAL_CONVERSION = YES;
				CLANG_WARN_OBJC_ROOT_CLASS = YES_ERROR;
				CLANG_WARN_RANGE_LOOP_ANALYSIS = YES;
				CLANG_WARN_STRICT_PROTOTYPES = YES;
				CLANG_WARN_SUSPICIOUS_MOVE = YES;
				CLANG_WARN_UNGUARDED_AVAILABILITY = YES_AGGRESSIVE;
				CLANG_WARN_UNREACHABLE_CODE = YES;
				CLANG_WARN__DUPLICATE_METHOD_MATCH = YES;
				COPY_PHASE_STRIP = NO;
				DEBUG_INFORMATION_FORMAT = dwarf;
				ENABLE_STRICT_OBJC_MSGSEND = YES;
				ENABLE_TESTABILITY = YES;
				GCC_C_LANGUAGE_STANDARD = gnu11;
				GCC_DYNAMIC_NO_PIC = NO;
				GCC_NO_COMMON_BLOCKS = YES;
				GCC_OPTIMIZATION_LEVEL = 0;
				GCC_PREPROCESSOR_DEFINITIONS = (
					"DEBUG=1",
					"$(inherited)",
				);
				GCC_WARN_64_TO_32_BIT_CONVERSION = YES;
				GCC_WARN_ABOUT_RETURN_TYPE = YES_ERROR;
				GCC_WARN_UNDECLARED_SELECTOR = YES;
				GCC_WARN_UNINITIALIZED_AUTOS = YES_AGGRESSIVE;
				GCC_WARN_UNUSED_FUNCTION = YES;
				GCC_WARN_UNUSED_VARIABLE = YES;
				IPHONEOS_DEPLOYMENT_TARGET = 13.2;
				MTL_ENABLE_DEBUG_INFO = INCLUDE_SOURCE;
				MTL_FAST_MATH = YES;
				ONLY_ACTIVE_ARCH = YES;
				SDKROOT = iphoneos;
				SWIFT_ACTIVE_COMPILATION_CONDITIONS = DEBUG;
				SWIFT_OPTIMIZATION_LEVEL = "-Onone";
			};
			name = Debug;
		};
		70EF793923E49AFD00F5974A /* Release */ = {
			isa = XCBuildConfiguration;
			buildSettings = {
				ALWAYS_SEARCH_USER_PATHS = NO;
				CLANG_ANALYZER_NONNULL = YES;
				CLANG_ANALYZER_NUMBER_OBJECT_CONVERSION = YES_AGGRESSIVE;
				CLANG_CXX_LANGUAGE_STANDARD = "gnu++14";
				CLANG_CXX_LIBRARY = "libc++";
				CLANG_ENABLE_MODULES = YES;
				CLANG_ENABLE_OBJC_ARC = YES;
				CLANG_ENABLE_OBJC_WEAK = YES;
				CLANG_WARN_BLOCK_CAPTURE_AUTORELEASING = YES;
				CLANG_WARN_BOOL_CONVERSION = YES;
				CLANG_WARN_COMMA = YES;
				CLANG_WARN_CONSTANT_CONVERSION = YES;
				CLANG_WARN_DEPRECATED_OBJC_IMPLEMENTATIONS = YES;
				CLANG_WARN_DIRECT_OBJC_ISA_USAGE = YES_ERROR;
				CLANG_WARN_DOCUMENTATION_COMMENTS = YES;
				CLANG_WARN_EMPTY_BODY = YES;
				CLANG_WARN_ENUM_CONVERSION = YES;
				CLANG_WARN_INFINITE_RECURSION = YES;
				CLANG_WARN_INT_CONVERSION = YES;
				CLANG_WARN_NON_LITERAL_NULL_CONVERSION = YES;
				CLANG_WARN_OBJC_IMPLICIT_RETAIN_SELF = YES;
				CLANG_WARN_OBJC_LITERAL_CONVERSION = YES;
				CLANG_WARN_OBJC_ROOT_CLASS = YES_ERROR;
				CLANG_WARN_RANGE_LOOP_ANALYSIS = YES;
				CLANG_WARN_STRICT_PROTOTYPES = YES;
				CLANG_WARN_SUSPICIOUS_MOVE = YES;
				CLANG_WARN_UNGUARDED_AVAILABILITY = YES_AGGRESSIVE;
				CLANG_WARN_UNREACHABLE_CODE = YES;
				CLANG_WARN__DUPLICATE_METHOD_MATCH = YES;
				COPY_PHASE_STRIP = NO;
				DEBUG_INFORMATION_FORMAT = "dwarf-with-dsym";
				ENABLE_NS_ASSERTIONS = NO;
				ENABLE_STRICT_OBJC_MSGSEND = YES;
				GCC_C_LANGUAGE_STANDARD = gnu11;
				GCC_NO_COMMON_BLOCKS = YES;
				GCC_WARN_64_TO_32_BIT_CONVERSION = YES;
				GCC_WARN_ABOUT_RETURN_TYPE = YES_ERROR;
				GCC_WARN_UNDECLARED_SELECTOR = YES;
				GCC_WARN_UNINITIALIZED_AUTOS = YES_AGGRESSIVE;
				GCC_WARN_UNUSED_FUNCTION = YES;
				GCC_WARN_UNUSED_VARIABLE = YES;
				IPHONEOS_DEPLOYMENT_TARGET = 13.2;
				MTL_ENABLE_DEBUG_INFO = NO;
				MTL_FAST_MATH = YES;
				SDKROOT = iphoneos;
				SWIFT_COMPILATION_MODE = wholemodule;
				SWIFT_OPTIMIZATION_LEVEL = "-O";
				VALIDATE_PRODUCT = YES;
			};
			name = Release;
		};
		70EF793B23E49AFD00F5974A /* Debug */ = {
			isa = XCBuildConfiguration;
			baseConfigurationReference = 7A93AD118873A9CAE8ABC7F9 /* Pods-RecipeAssignment.debug.xcconfig */;
			buildSettings = {
				ASSETCATALOG_COMPILER_APPICON_NAME = AppIcon;
				CODE_SIGN_STYLE = Automatic;
				DEVELOPMENT_TEAM = 9T282J45MT;
				INFOPLIST_FILE = RecipeAssignment/Info.plist;
				LD_RUNPATH_SEARCH_PATHS = (
					"$(inherited)",
					"@executable_path/Frameworks",
				);
				PRODUCT_BUNDLE_IDENTIFIER = edu.cyruschoong.test.RecipeAssignment;
				PRODUCT_NAME = "$(TARGET_NAME)";
				SWIFT_VERSION = 5.0;
				TARGETED_DEVICE_FAMILY = "1,2";
			};
			name = Debug;
		};
		70EF793C23E49AFD00F5974A /* Release */ = {
			isa = XCBuildConfiguration;
			baseConfigurationReference = 544704645F5888C20D811F8D /* Pods-RecipeAssignment.release.xcconfig */;
			buildSettings = {
				ASSETCATALOG_COMPILER_APPICON_NAME = AppIcon;
				CODE_SIGN_STYLE = Automatic;
				DEVELOPMENT_TEAM = 9T282J45MT;
				INFOPLIST_FILE = RecipeAssignment/Info.plist;
				LD_RUNPATH_SEARCH_PATHS = (
					"$(inherited)",
					"@executable_path/Frameworks",
				);
				PRODUCT_BUNDLE_IDENTIFIER = edu.cyruschoong.test.RecipeAssignment;
				PRODUCT_NAME = "$(TARGET_NAME)";
				SWIFT_VERSION = 5.0;
				TARGETED_DEVICE_FAMILY = "1,2";
			};
			name = Release;
		};
/* End XCBuildConfiguration section */

/* Begin XCConfigurationList section */
		70EF792123E49AF800F5974A /* Build configuration list for PBXProject "RecipeAssignment" */ = {
			isa = XCConfigurationList;
			buildConfigurations = (
				70EF793823E49AFD00F5974A /* Debug */,
				70EF793923E49AFD00F5974A /* Release */,
			);
			defaultConfigurationIsVisible = 0;
			defaultConfigurationName = Release;
		};
		70EF793A23E49AFD00F5974A /* Build configuration list for PBXNativeTarget "RecipeAssignment" */ = {
			isa = XCConfigurationList;
			buildConfigurations = (
				70EF793B23E49AFD00F5974A /* Debug */,
				70EF793C23E49AFD00F5974A /* Release */,
			);
			defaultConfigurationIsVisible = 0;
			defaultConfigurationName = Release;
		};
/* End XCConfigurationList section */
	};
	rootObject = 70EF791E23E49AF800F5974A /* Project object */;
}
